
Microsoft Visual Studio Solution File, Format Version 12.00
# Visual Studio Version 18
VisualStudioVersion = 18.1.11304.174 d18.0
MinimumVisualStudioVersion = 10.0.40219.1
Project("{FAE04EC0-301F-11D3-BF4B-00C04F79EFBC}") = "DockerShellHost", "web\DockerShellHost.csproj", "{08177152-562C-2DC4-2D7C-5290A1A70067}"
EndProject
Project("{2150E333-8FDC-42A3-9474-1A3956D46DE8}") = "解决方案项", "解决方案项", "{EB0C5E01-7206-4D93-8C62-A4A0EB1A4EDB}"
	ProjectSection(SolutionItems) = preProject
		.gitignore = .gitignore
		LICENSE = LICENSE
		README.md = README.md
	EndProjectSection
EndProject
Global
	GlobalSection(SolutionConfigurationPlatforms) = preSolution
		Debug|Any CPU = Debug|Any CPU
		Release|Any CPU = Release|Any CPU
	EndGlobalSection
	GlobalSection(ProjectConfigurationPlatforms) = postSolution
		{08177152-562C-2DC4-2D7C-5290A1A70067}.Debug|Any CPU.ActiveCfg = Debug|Any CPU
		{08177152-562C-2DC4-2D7C-5290A1A70067}.Debug|Any CPU.Build.0 = Debug|Any CPU
		{08177152-562C-2DC4-2D7C-5290A1A70067}.Release|Any CPU.ActiveCfg = Release|Any CPU
		{08177152-562C-2DC4-2D7C-5290A1A70067}.Release|Any CPU.Build.0 = Release|Any CPU
	EndGlobalSection
	GlobalSection(SolutionProperties) = preSolution
		HideSolutionNode = FALSE
	EndGlobalSection
	GlobalSection(ExtensibilityGlobals) = postSolution
		SolutionGuid = {18EDA747-5200-4F03-BFAF-DB5D4D0E10D9}
	EndGlobalSection
EndGlobal
