Microsoft Visual Studio Solution File, Format Version 12.00
# Visual Studio Version 17
VisualStudioVersion = 17.5.2.0
MinimumVisualStudioVersion = 10.0.40219.1
Project("{2150E333-8FDC-42A3-9474-1A3956D46DE8}") = "web", "web", "{256F4E96-6A73-9ABE-786F-840C672A50F4}"
EndProject
Project("{FAE04EC0-301F-11D3-BF4B-00C04F79EFBC}") = "DockerShellHost", "web\DockerShellHost.csproj", "{08177152-562C-2DC4-2D7C-5290A1A70067}"
EndProject
Global
	GlobalSection(SolutionConfigurationPlatforms) = preSolution
		Debug|Any CPU = Debug|Any CPU
		Release|Any CPU = Release|Any CPU
	EndGlobalSection
	GlobalSection(ProjectConfigurationPlatforms) = postSolution
		{08177152-562C-2DC4-2D7C-5290A1A70067}.Debug|Any CPU.ActiveCfg = Debug|Any CPU
		{08177152-562C-2DC4-2D7C-5290A1A70067}.Debug|Any CPU.Build.0 = Debug|Any CPU
		{08177152-562C-2DC4-2D7C-5290A1A70067}.Release|Any CPU.ActiveCfg = Release|Any CPU
		{08177152-562C-2DC4-2D7C-5290A1A70067}.Release|Any CPU.Build.0 = Release|Any CPU
	EndGlobalSection
	GlobalSection(SolutionProperties) = preSolution
		HideSolutionNode = FALSE
	EndGlobalSection
	GlobalSection(NestedProjects) = preSolution
		{08177152-562C-2DC4-2D7C-5290A1A70067} = {256F4E96-6A73-9ABE-786F-840C672A50F4}
	EndGlobalSection
	GlobalSection(ExtensibilityGlobals) = postSolution
		SolutionGuid = {18EDA747-5200-4F03-BFAF-DB5D4D0E10D9}
	EndGlobalSection
EndGlobal
